
Microsoft Visual Studio Solution File, Format Version 12.00
# Visual Studio Version 17
VisualStudioVersion = 17.9.34622.214
MinimumVisualStudioVersion = 10.0.40219.1
Project("{FAE04EC0-301F-11D3-BF4B-00C04F79EFBC}") = "DummyCrud", "DummyCrud.csproj", "{6A9226C5-5D29-46DF-AA6D-2BF13C315373}"
EndProject
Global
	GlobalSection(SolutionConfigurationPlatforms) = preSolution
		Debug|Any CPU = Debug|Any CPU
		Release|Any CPU = Release|Any CPU
	EndGlobalSection
	GlobalSection(ProjectConfigurationPlatforms) = postSolution
		{6A9226C5-5D29-46DF-AA6D-2BF13C315373}.Debug|Any CPU.ActiveCfg = Debug|Any CPU
		{6A9226C5-5D29-46DF-AA6D-2BF13C315373}.Debug|Any CPU.Build.0 = Debug|Any CPU
		{6A9226C5-5D29-46DF-AA6D-2BF13C315373}.Release|Any CPU.ActiveCfg = Release|Any CPU
		{6A9226C5-5D29-46DF-AA6D-2BF13C315373}.Release|Any CPU.Build.0 = Release|Any CPU
	EndGlobalSection
	GlobalSection(SolutionProperties) = preSolution
		HideSolutionNode = FALSE
	EndGlobalSection
	GlobalSection(ExtensibilityGlobals) = postSolution
		SolutionGuid = {37777614-D2C7-4A29-A00A-7D15348119DB}
	EndGlobalSection
EndGlobal
